
Microsoft Visual Studio Solution File, Format Version 12.00
# Visual Studio Version 17
VisualStudioVersion = 17.7.34031.279
MinimumVisualStudioVersion = 10.0.40219.1
Project("{FAE04EC0-301F-11D3-BF4B-00C04F79EFBC}") = "TesteDeMesa3_3", "TesteDeMesa3_3\TesteDeMesa3_3.csproj", "{B9F072F6-C7BE-421C-B8CF-356BED957653}"
EndProject
Global
	GlobalSection(SolutionConfigurationPlatforms) = preSolution
		Debug|Any CPU = Debug|Any CPU
		Release|Any CPU = Release|Any CPU
	EndGlobalSection
	GlobalSection(ProjectConfigurationPlatforms) = postSolution
		{B9F072F6-C7BE-421C-B8CF-356BED957653}.Debug|Any CPU.ActiveCfg = Debug|Any CPU
		{B9F072F6-C7BE-421C-B8CF-356BED957653}.Debug|Any CPU.Build.0 = Debug|Any CPU
		{B9F072F6-C7BE-421C-B8CF-356BED957653}.Release|Any CPU.ActiveCfg = Release|Any CPU
		{B9F072F6-C7BE-421C-B8CF-356BED957653}.Release|Any CPU.Build.0 = Release|Any CPU
	EndGlobalSection
	GlobalSection(SolutionProperties) = preSolution
		HideSolutionNode = FALSE
	EndGlobalSection
	GlobalSection(ExtensibilityGlobals) = postSolution
		SolutionGuid = {992B0393-6F6F-428C-A86A-6F35D26BF677}
	EndGlobalSection
EndGlobal
